// !$*UTF8*$!
{
	archiveVersion = 1;
	classes = {
	};
	objectVersion = 50;
	objects = {

/* Begin PBXBuildFile section */
		411F587F286DC6FB00E8E6B4 /* AdaptiveTextViewController.m in Sources */ = {isa = PBXBuildFile; fileRef = 411F587E286DC6FB00E8E6B4 /* AdaptiveTextViewController.m */; };
		411F5882286DC85300E8E6B4 /* Localizable.stringsdict in Resources */ = {isa = PBXBuildFile; fileRef = 411F5881286DC85300E8E6B4 /* Localizable.stringsdict */; };
		419070C728636F26000B4655 /* AppDelegate.m in Sources */ = {isa = PBXBuildFile; fileRef = 419070C628636F26000B4655 /* AppDelegate.m */; };
		419070CA28636F26000B4655 /* SceneDelegate.m in Sources */ = {isa = PBXBuildFile; fileRef = 419070C928636F26000B4655 /* SceneDelegate.m */; };
		419070CD28636F26000B4655 /* ViewController.m in Sources */ = {isa = PBXBuildFile; fileRef = 419070CC28636F26000B4655 /* ViewController.m */; };
		419070D028636F26000B4655 /* Main.storyboard in Resources */ = {isa = PBXBuildFile; fileRef = 419070CE28636F26000B4655 /* Main.storyboard */; };
		419070D228636F27000B4655 /* Assets.xcassets in Resources */ = {isa = PBXBuildFile; fileRef = 419070D128636F27000B4655 /* Assets.xcassets */; };
		419070D528636F27000B4655 /* LaunchScreen.storyboard in Resources */ = {isa = PBXBuildFile; fileRef = 419070D328636F27000B4655 /* LaunchScreen.storyboard */; };
		419070D828636F27000B4655 /* main.m in Sources */ = {isa = PBXBuildFile; fileRef = 419070D728636F27000B4655 /* main.m */; };
/* End PBXBuildFile section */

/* Begin PBXFileReference section */
		411F587D286DC6FB00E8E6B4 /* AdaptiveTextViewController.h */ = {isa = PBXFileReference; lastKnownFileType = sourcecode.c.h; path = AdaptiveTextViewController.h; sourceTree = "<group>"; };
		411F587E286DC6FB00E8E6B4 /* AdaptiveTextViewController.m */ = {isa = PBXFileReference; lastKnownFileType = sourcecode.c.objc; path = AdaptiveTextViewController.m; sourceTree = "<group>"; };
		411F5881286DC85300E8E6B4 /* Localizable.stringsdict */ = {isa = PBXFileReference; lastKnownFileType = text.plist.stringsdict; path = Localizable.stringsdict; sourceTree = "<group>"; };
		419070C228636F26000B4655 /* SizeClasses.app */ = {isa = PBXFileReference; explicitFileType = wrapper.application; includeInIndex = 0; path = SizeClasses.app; sourceTree = BUILT_PRODUCTS_DIR; };
		419070C528636F26000B4655 /* AppDelegate.h */ = {isa = PBXFileReference; lastKnownFileType = sourcecode.c.h; path = AppDelegate.h; sourceTree = "<group>"; };
		419070C628636F26000B4655 /* AppDelegate.m */ = {isa = PBXFileReference; lastKnownFileType = sourcecode.c.objc; path = AppDelegate.m; sourceTree = "<group>"; };
		419070C828636F26000B4655 /* SceneDelegate.h */ = {isa = PBXFileReference; lastKnownFileType = sourcecode.c.h; path = SceneDelegate.h; sourceTree = "<group>"; };
		419070C928636F26000B4655 /* SceneDelegate.m */ = {isa = PBXFileReference; lastKnownFileType = sourcecode.c.objc; path = SceneDelegate.m; sourceTree = "<group>"; };
		419070CB28636F26000B4655 /* ViewController.h */ = {isa = PBXFileReference; lastKnownFileType = sourcecode.c.h; path = ViewController.h; sourceTree = "<group>"; };
		419070CC28636F26000B4655 /* ViewController.m */ = {isa = PBXFileReference; lastKnownFileType = sourcecode.c.objc; path = ViewController.m; sourceTree = "<group>"; };
		419070CF28636F26000B4655 /* Base */ = {isa = PBXFileReference; lastKnownFileType = file.storyboard; name = Base; path = Base.lproj/Main.storyboard; sourceTree = "<group>"; };
		419070D128636F27000B4655 /* Assets.xcassets */ = {isa = PBXFileReference; lastKnownFileType = folder.assetcatalog; path = Assets.xcassets; sourceTree = "<group>"; };
		419070D428636F27000B4655 /* Base */ = {isa = PBXFileReference; lastKnownFileType = file.storyboard; name = Base; path = Base.lproj/LaunchScreen.storyboard; sourceTree = "<group>"; };
		419070D628636F27000B4655 /* Info.plist */ = {isa = PBXFileReference; lastKnownFileType = text.plist.xml; path = Info.plist; sourceTree = "<group>"; };
		419070D728636F27000B4655 /* main.m */ = {isa = PBXFileReference; lastKnownFileType = sourcecode.c.objc; path = main.m; sourceTree = "<group>"; };
/* End PBXFileReference section */

/* Begin PBXFrameworksBuildPhase section */
		419070BF28636F26000B4655 /* Frameworks */ = {
			isa = PBXFrameworksBuildPhase;
			buildActionMask = 2147483647;
			files = (
			);
			runOnlyForDeploymentPostprocessing = 0;
		};
/* End PBXFrameworksBuildPhase section */

/* Begin PBXGroup section */
		419070B928636F26000B4655 = {
			isa = PBXGroup;
			children = (
				419070C428636F26000B4655 /* SizeClasses */,
				419070C328636F26000B4655 /* Products */,
			);
			sourceTree = "<group>";
		};
		419070C328636F26000B4655 /* Products */ = {
			isa = PBXGroup;
			children = (
				419070C228636F26000B4655 /* SizeClasses.app */,
			);
			name = Products;
			sourceTree = "<group>";
		};
		419070C428636F26000B4655 /* SizeClasses */ = {
			isa = PBXGroup;
			children = (
				419070C528636F26000B4655 /* AppDelegate.h */,
				419070C628636F26000B4655 /* AppDelegate.m */,
				419070C828636F26000B4655 /* SceneDelegate.h */,
				419070C928636F26000B4655 /* SceneDelegate.m */,
				419070CB28636F26000B4655 /* ViewController.h */,
				419070CC28636F26000B4655 /* ViewController.m */,
				419070CE28636F26000B4655 /* Main.storyboard */,
				411F587D286DC6FB00E8E6B4 /* AdaptiveTextViewController.h */,
				411F587E286DC6FB00E8E6B4 /* AdaptiveTextViewController.m */,
				411F5881286DC85300E8E6B4 /* Localizable.stringsdict */,
				419070D128636F27000B4655 /* Assets.xcassets */,
				419070D328636F27000B4655 /* LaunchScreen.storyboard */,
				419070D628636F27000B4655 /* Info.plist */,
				419070D728636F27000B4655 /* main.m */,
			);
			path = SizeClasses;
			sourceTree = "<group>";
		};
/* End PBXGroup section */

/* Begin PBXNativeTarget section */
		419070C128636F26000B4655 /* SizeClasses */ = {
			isa = PBXNativeTarget;
			buildConfigurationList = 419070DB28636F27000B4655 /* Build configuration list for PBXNativeTarget "SizeClasses" */;
			buildPhases = (
				419070BE28636F26000B4655 /* Sources */,
				419070BF28636F26000B4655 /* Frameworks */,
				419070C028636F26000B4655 /* Resources */,
			);
			buildRules = (
			);
			dependencies = (
			);
			name = SizeClasses;
			productName = SizeClasses;
			productReference = 419070C228636F26000B4655 /* SizeClasses.app */;
			productType = "com.apple.product-type.application";
		};
/* End PBXNativeTarget section */

/* Begin PBXProject section */
		419070BA28636F26000B4655 /* Project object */ = {
			isa = PBXProject;
			attributes = {
				LastUpgradeCheck = 1240;
				TargetAttributes = {
					419070C128636F26000B4655 = {
						CreatedOnToolsVersion = 12.4;
					};
				};
			};
			buildConfigurationList = 419070BD28636F26000B4655 /* Build configuration list for PBXProject "SizeClasses" */;
			compatibilityVersion = "Xcode 9.3";
			developmentRegion = en;
			hasScannedForEncodings = 0;
			knownRegions = (
				en,
				Base,
			);
			mainGroup = 419070B928636F26000B4655;
			productRefGroup = 419070C328636F26000B4655 /* Products */;
			projectDirPath = "";
			projectRoot = "";
			targets = (
				419070C128636F26000B4655 /* SizeClasses */,
			);
		};
/* End PBXProject section */

/* Begin PBXResourcesBuildPhase section */
		419070C028636F26000B4655 /* Resources */ = {
			isa = PBXResourcesBuildPhase;
			buildActionMask = 2147483647;
			files = (
				419070D528636F27000B4655 /* LaunchScreen.storyboard in Resources */,
				411F5882286DC85300E8E6B4 /* Localizable.stringsdict in Resources */,
				419070D228636F27000B4655 /* Assets.xcassets in Resources */,
				419070D028636F26000B4655 /* Main.storyboard in Resources */,
			);
			runOnlyForDeploymentPostprocessing = 0;
		};
/* End PBXResourcesBuildPhase section */

/* Begin PBXSourcesBuildPhase section */
		419070BE28636F26000B4655 /* Sources */ = {
			isa = PBXSourcesBuildPhase;
			buildActionMask = 2147483647;
			files = (
				419070CD28636F26000B4655 /* ViewController.m in Sources */,
				411F587F286DC6FB00E8E6B4 /* AdaptiveTextViewController.m in Sources */,
				419070C728636F26000B4655 /* AppDelegate.m in Sources */,
				419070D828636F27000B4655 /* main.m in Sources */,
				419070CA28636F26000B4655 /* SceneDelegate.m in Sources */,
			);
			runOnlyForDeploymentPostprocessing = 0;
		};
/* End PBXSourcesBuildPhase section */

/* Begin PBXVariantGroup section */
		419070CE28636F26000B4655 /* Main.storyboard */ = {
			isa = PBXVariantGroup;
			children = (
				419070CF28636F26000B4655 /* Base */,
			);
			name = Main.storyboard;
			sourceTree = "<group>";
		};
		419070D328636F27000B4655 /* LaunchScreen.storyboard */ = {
			isa = PBXVariantGroup;
			children = (
				419070D428636F27000B4655 /* Base */,
			);
			name = LaunchScreen.storyboard;
			sourceTree = "<group>";
		};
/* End PBXVariantGroup section */

/* Begin XCBuildConfiguration section */
		419070D928636F27000B4655 /* Debug */ = {
			isa = XCBuildConfiguration;
			buildSettings = {
				ALWAYS_SEARCH_USER_PATHS = NO;
				CLANG_ANALYZER_NONNULL = YES;
				CLANG_ANALYZER_NUMBER_OBJECT_CONVERSION = YES_AGGRESSIVE;
				CLANG_CXX_LANGUAGE_STANDARD = "gnu++14";
				CLANG_CXX_LIBRARY = "libc++";
				CLANG_ENABLE_MODULES = YES;
				CLANG_ENABLE_OBJC_ARC = YES;
				CLANG_ENABLE_OBJC_WEAK = YES;
				CLANG_WARN_BLOCK_CAPTURE_AUTORELEASING = YES;
				CLANG_WARN_BOOL_CONVERSION = YES;
				CLANG_WARN_COMMA = YES;
				CLANG_WARN_CONSTANT_CONVERSION = YES;
				CLANG_WARN_DEPRECATED_OBJC_IMPLEMENTATIONS = YES;
				CLANG_WARN_DIRECT_OBJC_ISA_USAGE = YES_ERROR;
				CLANG_WARN_DOCUMENTATION_COMMENTS = YES;
				CLANG_WARN_EMPTY_BODY = YES;
				CLANG_WARN_ENUM_CONVERSION = YES;
				CLANG_WARN_INFINITE_RECURSION = YES;
				CLANG_WARN_INT_CONVERSION = YES;
				CLANG_WARN_NON_LITERAL_NULL_CONVERSION = YES;
				CLANG_WARN_OBJC_IMPLICIT_RETAIN_SELF = YES;
				CLANG_WARN_OBJC_LITERAL_CONVERSION = YES;
				CLANG_WARN_OBJC_ROOT_CLASS = YES_ERROR;
				CLANG_WARN_QUOTED_INCLUDE_IN_FRAMEWORK_HEADER = YES;
				CLANG_WARN_RANGE_LOOP_ANALYSIS = YES;
				CLANG_WARN_STRICT_PROTOTYPES = YES;
				CLANG_WARN_SUSPICIOUS_MOVE = YES;
				CLANG_WARN_UNGUARDED_AVAILABILITY = YES_AGGRESSIVE;
				CLANG_WARN_UNREACHABLE_CODE = YES;
				CLANG_WARN__DUPLICATE_METHOD_MATCH = YES;
				COPY_PHASE_STRIP = NO;
				DEBUG_INFORMATION_FORMAT = dwarf;
				ENABLE_STRICT_OBJC_MSGSEND = YES;
				ENABLE_TESTABILITY = YES;
				GCC_C_LANGUAGE_STANDARD = gnu11;
				GCC_DYNAMIC_NO_PIC = NO;
				GCC_NO_COMMON_BLOCKS = YES;
				GCC_OPTIMIZATION_LEVEL = 0;
				GCC_PREPROCESSOR_DEFINITIONS = (
					"DEBUG=1",
					"$(inherited)",
				);
				GCC_WARN_64_TO_32_BIT_CONVERSION = YES;
				GCC_WARN_ABOUT_RETURN_TYPE = YES_ERROR;
				GCC_WARN_UNDECLARED_SELECTOR = YES;
				GCC_WARN_UNINITIALIZED_AUTOS = YES_AGGRESSIVE;
				GCC_WARN_UNUSED_FUNCTION = YES;
				GCC_WARN_UNUSED_VARIABLE = YES;
				IPHONEOS_DEPLOYMENT_TARGET = 14.4;
				MTL_ENABLE_DEBUG_INFO = INCLUDE_SOURCE;
				MTL_FAST_MATH = YES;
				ONLY_ACTIVE_ARCH = YES;
				SDKROOT = iphoneos;
			};
			name = Debug;
		};
		419070DA28636F27000B4655 /* Release */ = {
			isa = XCBuildConfiguration;
			buildSettings = {
				ALWAYS_SEARCH_USER_PATHS = NO;
				CLANG_ANALYZER_NONNULL = YES;
				CLANG_ANALYZER_NUMBER_OBJECT_CONVERSION = YES_AGGRESSIVE;
				CLANG_CXX_LANGUAGE_STANDARD = "gnu++14";
				CLANG_CXX_LIBRARY = "libc++";
				CLANG_ENABLE_MODULES = YES;
				CLANG_ENABLE_OBJC_ARC = YES;
				CLANG_ENABLE_OBJC_WEAK = YES;
				CLANG_WARN_BLOCK_CAPTURE_AUTORELEASING = YES;
				CLANG_WARN_BOOL_CONVERSION = YES;
				CLANG_WARN_COMMA = YES;
				CLANG_WARN_CONSTANT_CONVERSION = YES;
				CLANG_WARN_DEPRECATED_OBJC_IMPLEMENTATIONS = YES;
				CLANG_WARN_DIRECT_OBJC_ISA_USAGE = YES_ERROR;
				CLANG_WARN_DOCUMENTATION_COMMENTS = YES;
				CLANG_WARN_EMPTY_BODY = YES;
				CLANG_WARN_ENUM_CONVERSION = YES;
				CLANG_WARN_INFINITE_RECURSION = YES;
				CLANG_WARN_INT_CONVERSION = YES;
				CLANG_WARN_NON_LITERAL_NULL_CONVERSION = YES;
				CLANG_WARN_OBJC_IMPLICIT_RETAIN_SELF = YES;
				CLANG_WARN_OBJC_LITERAL_CONVERSION = YES;
				CLANG_WARN_OBJC_ROOT_CLASS = YES_ERROR;
				CLANG_WARN_QUOTED_INCLUDE_IN_FRAMEWORK_HEADER = YES;
				CLANG_WARN_RANGE_LOOP_ANALYSIS = YES;
				CLANG_WARN_STRICT_PROTOTYPES = YES;
				CLANG_WARN_SUSPICIOUS_MOVE = YES;
				CLANG_WARN_UNGUARDED_AVAILABILITY = YES_AGGRESSIVE;
				CLANG_WARN_UNREACHABLE_CODE = YES;
				CLANG_WARN__DUPLICATE_METHOD_MATCH = YES;
				COPY_PHASE_STRIP = NO;
				DEBUG_INFORMATION_FORMAT = "dwarf-with-dsym";
				ENABLE_NS_ASSERTIONS = NO;
				ENABLE_STRICT_OBJC_MSGSEND = YES;
				GCC_C_LANGUAGE_STANDARD = gnu11;
				GCC_NO_COMMON_BLOCKS = YES;
				GCC_WARN_64_TO_32_BIT_CONVERSION = YES;
				GCC_WARN_ABOUT_RETURN_TYPE = YES_ERROR;
				GCC_WARN_UNDECLARED_SELECTOR = YES;
				GCC_WARN_UNINITIALIZED_AUTOS = YES_AGGRESSIVE;
				GCC_WARN_UNUSED_FUNCTION = YES;
				GCC_WARN_UNUSED_VARIABLE = YES;
				IPHONEOS_DEPLOYMENT_TARGET = 14.4;
				MTL_ENABLE_DEBUG_INFO = NO;
				MTL_FAST_MATH = YES;
				SDKROOT = iphoneos;
				VALIDATE_PRODUCT = YES;
			};
			name = Release;
		};
		419070DC28636F27000B4655 /* Debug */ = {
			isa = XCBuildConfiguration;
			buildSettings = {
				ASSETCATALOG_COMPILER_APPICON_NAME = AppIcon;
				ASSETCATALOG_COMPILER_GLOBAL_ACCENT_COLOR_NAME = AccentColor;
				CODE_SIGN_STYLE = Automatic;
				DEVELOPMENT_TEAM = HPK5P2C2Q2;
				INFOPLIST_FILE = SizeClasses/Info.plist;
				LD_RUNPATH_SEARCH_PATHS = (
					"$(inherited)",
					"@executable_path/Frameworks",
				);
				PRODUCT_BUNDLE_IDENTIFIER = com.nadezhda.SizeClasses;
				PRODUCT_NAME = "$(TARGET_NAME)";
				TARGETED_DEVICE_FAMILY = "1,2";
			};
			name = Debug;
		};
		419070DD28636F27000B4655 /* Release */ = {
			isa = XCBuildConfiguration;
			buildSettings = {
				ASSETCATALOG_COMPILER_APPICON_NAME = AppIcon;
				ASSETCATALOG_COMPILER_GLOBAL_ACCENT_COLOR_NAME = AccentColor;
				CODE_SIGN_STYLE = Automatic;
				DEVELOPMENT_TEAM = HPK5P2C2Q2;
				INFOPLIST_FILE = SizeClasses/Info.plist;
				LD_RUNPATH_SEARCH_PATHS = (
					"$(inherited)",
					"@executable_path/Frameworks",
				);
				PRODUCT_BUNDLE_IDENTIFIER = com.nadezhda.SizeClasses;
				PRODUCT_NAME = "$(TARGET_NAME)";
				TARGETED_DEVICE_FAMILY = "1,2";
			};
			name = Release;
		};
/* End XCBuildConfiguration section */

/* Begin XCConfigurationList section */
		419070BD28636F26000B4655 /* Build configuration list for PBXProject "SizeClasses" */ = {
			isa = XCConfigurationList;
			buildConfigurations = (
				419070D928636F27000B4655 /* Debug */,
				419070DA28636F27000B4655 /* Release */,
			);
			defaultConfigurationIsVisible = 0;
			defaultConfigurationName = Release;
		};
		419070DB28636F27000B4655 /* Build configuration list for PBXNativeTarget "SizeClasses" */ = {
			isa = XCConfigurationList;
			buildConfigurations = (
				419070DC28636F27000B4655 /* Debug */,
				419070DD28636F27000B4655 /* Release */,
			);
			defaultConfigurationIsVisible = 0;
			defaultConfigurationName = Release;
		};
/* End XCConfigurationList section */
	};
	rootObject = 419070BA28636F26000B4655 /* Project object */;
}
